
Microsoft Visual Studio Solution File, Format Version 12.00
# Visual Studio Version 16
VisualStudioVersion = 16.0.31112.23
MinimumVisualStudioVersion = 10.0.40219.1
Project("{2150E333-8FDC-42A3-9474-1A3956D46DE8}") = "Solution Items", "Solution Items", "{22CB3E35-F574-448C-A8F0-2375C83FBCD0}"
	ProjectSection(SolutionItems) = preProject
		.editorconfig = .editorconfig
		Directory.Build.props = Directory.Build.props
	EndProjectSection
EndProject
Project("{9A19103F-16F7-4668-BE54-9A1E7A4F7556}") = "Jayse", "Jayse\Jayse.csproj", "{FC95C42A-8E10-4DC0-AE2F-E5128E77DEEA}"
EndProject
Project("{9A19103F-16F7-4668-BE54-9A1E7A4F7556}") = "Jayse.UnitTests", "Jayse.UnitTests\Jayse.UnitTests.csproj", "{1AA65B1A-A2FD-404A-AD0B-344681CF199F}"
EndProject
Project("{F2A71F9B-5D33-465A-A702-920D77279786}") = "Jayse.Fsharp", "Jayse.Fsharp\Jayse.Fsharp.fsproj", "{30B02DA4-41DB-44B8-B931-E7BDE04D566C}"
EndProject
Project("{F2A71F9B-5D33-465A-A702-920D77279786}") = "Jayse.Fsharp.Tests", "Jayse.Fsharp.Tests\Jayse.Fsharp.Tests.fsproj", "{6A540B74-8A0A-42D8-AB62-CB7D43836C26}"
EndProject
Global
	GlobalSection(SolutionConfigurationPlatforms) = preSolution
		Debug|Any CPU = Debug|Any CPU
		Release|Any CPU = Release|Any CPU
	EndGlobalSection
	GlobalSection(ProjectConfigurationPlatforms) = postSolution
		{FC95C42A-8E10-4DC0-AE2F-E5128E77DEEA}.Debug|Any CPU.ActiveCfg = Debug|Any CPU
		{FC95C42A-8E10-4DC0-AE2F-E5128E77DEEA}.Debug|Any CPU.Build.0 = Debug|Any CPU
		{FC95C42A-8E10-4DC0-AE2F-E5128E77DEEA}.Release|Any CPU.ActiveCfg = Release|Any CPU
		{FC95C42A-8E10-4DC0-AE2F-E5128E77DEEA}.Release|Any CPU.Build.0 = Release|Any CPU
		{1AA65B1A-A2FD-404A-AD0B-344681CF199F}.Debug|Any CPU.ActiveCfg = Debug|Any CPU
		{1AA65B1A-A2FD-404A-AD0B-344681CF199F}.Debug|Any CPU.Build.0 = Debug|Any CPU
		{1AA65B1A-A2FD-404A-AD0B-344681CF199F}.Release|Any CPU.ActiveCfg = Release|Any CPU
		{1AA65B1A-A2FD-404A-AD0B-344681CF199F}.Release|Any CPU.Build.0 = Release|Any CPU
		{30B02DA4-41DB-44B8-B931-E7BDE04D566C}.Debug|Any CPU.ActiveCfg = Debug|Any CPU
		{30B02DA4-41DB-44B8-B931-E7BDE04D566C}.Debug|Any CPU.Build.0 = Debug|Any CPU
		{30B02DA4-41DB-44B8-B931-E7BDE04D566C}.Release|Any CPU.ActiveCfg = Release|Any CPU
		{30B02DA4-41DB-44B8-B931-E7BDE04D566C}.Release|Any CPU.Build.0 = Release|Any CPU
		{6A540B74-8A0A-42D8-AB62-CB7D43836C26}.Debug|Any CPU.ActiveCfg = Debug|Any CPU
		{6A540B74-8A0A-42D8-AB62-CB7D43836C26}.Debug|Any CPU.Build.0 = Debug|Any CPU
		{6A540B74-8A0A-42D8-AB62-CB7D43836C26}.Release|Any CPU.ActiveCfg = Release|Any CPU
		{6A540B74-8A0A-42D8-AB62-CB7D43836C26}.Release|Any CPU.Build.0 = Release|Any CPU
	EndGlobalSection
	GlobalSection(SolutionProperties) = preSolution
		HideSolutionNode = FALSE
	EndGlobalSection
	GlobalSection(ExtensibilityGlobals) = postSolution
		SolutionGuid = {36498391-4181-450B-BFFD-DE8FD83067D9}
	EndGlobalSection
EndGlobal
